// !$*UTF8*$!
{
	archiveVersion = 1;
	classes = {
	};
	objectVersion = 56;
	objects = {

/* Begin PBXBuildFile section */
		F925B6E82BB490EF0091688F /* ApphudSDK in Frameworks */ = {isa = PBXBuildFile; productRef = F925B6E72BB490EF0091688F /* ApphudSDK */; };
		F925B6EB2BB490F80091688F /* YandexMobileMetrica in Frameworks */ = {isa = PBXBuildFile; productRef = F925B6EA2BB490F80091688F /* YandexMobileMetrica */; };
		F925B6F02BB491010091688F /* OneSignalFramework in Frameworks */ = {isa = PBXBuildFile; productRef = F925B6EF2BB491010091688F /* OneSignalFramework */; };
		F925B6F32BB491150091688F /* FirebaseRemoteConfigSwift in Frameworks */ = {isa = PBXBuildFile; productRef = F925B6F22BB491150091688F /* FirebaseRemoteConfigSwift */; };
		F925B6F52BB491400091688F /* d_1.swift in Sources */ = {isa = PBXBuildFile; fileRef = F925B6F42BB491400091688F /* d_1.swift */; };
		F925B6F72BB491440091688F /* s_2.swift in Sources */ = {isa = PBXBuildFile; fileRef = F925B6F62BB491440091688F /* s_2.swift */; };
		F925B6F92BB4914B0091688F /* w_3.swift in Sources */ = {isa = PBXBuildFile; fileRef = F925B6F82BB4914B0091688F /* w_3.swift */; };
		F925B6FB2BB492B90091688F /* GoogleService-Info.plist in Resources */ = {isa = PBXBuildFile; fileRef = F925B6FA2BB492B90091688F /* GoogleService-Info.plist */; };
		F9DB09842BB4672B00CE0753 /* App425App.swift in Sources */ = {isa = PBXBuildFile; fileRef = F9DB09832BB4672B00CE0753 /* App425App.swift */; };
		F9DB09862BB4672B00CE0753 /* ContentView.swift in Sources */ = {isa = PBXBuildFile; fileRef = F9DB09852BB4672B00CE0753 /* ContentView.swift */; };
		F9DB09882BB4672C00CE0753 /* Assets.xcassets in Resources */ = {isa = PBXBuildFile; fileRef = F9DB09872BB4672C00CE0753 /* Assets.xcassets */; };
		F9DB098B2BB4672C00CE0753 /* Preview Assets.xcassets in Resources */ = {isa = PBXBuildFile; fileRef = F9DB098A2BB4672C00CE0753 /* Preview Assets.xcassets */; };
		F9DB09922BB4678600CE0753 /* Launch Screen.storyboard in Resources */ = {isa = PBXBuildFile; fileRef = F9DB09912BB4678600CE0753 /* Launch Screen.storyboard */; };
		F9DB09952BB467B600CE0753 /* TabBar.swift in Sources */ = {isa = PBXBuildFile; fileRef = F9DB09942BB467B600CE0753 /* TabBar.swift */; };
		F9DB09972BB467BA00CE0753 /* LoadingView.swift in Sources */ = {isa = PBXBuildFile; fileRef = F9DB09962BB467BA00CE0753 /* LoadingView.swift */; };
		F9DB099D2BB467CD00CE0753 /* CoreDataStack.swift in Sources */ = {isa = PBXBuildFile; fileRef = F9DB099C2BB467CD00CE0753 /* CoreDataStack.swift */; };
		F9DB09A02BB467D500CE0753 /* CoreModel.xcdatamodeld in Sources */ = {isa = PBXBuildFile; fileRef = F9DB099E2BB467D500CE0753 /* CoreModel.xcdatamodeld */; };
		F9DB09A52BB4681800CE0753 /* Users_1.swift in Sources */ = {isa = PBXBuildFile; fileRef = F9DB09A42BB4681800CE0753 /* Users_1.swift */; };
		F9DB09A72BB4681B00CE0753 /* Users_2.swift in Sources */ = {isa = PBXBuildFile; fileRef = F9DB09A62BB4681B00CE0753 /* Users_2.swift */; };
		F9DB09A92BB4681E00CE0753 /* Users_3.swift in Sources */ = {isa = PBXBuildFile; fileRef = F9DB09A82BB4681E00CE0753 /* Users_3.swift */; };
		F9DB09AB2BB4682100CE0753 /* Users_4.swift in Sources */ = {isa = PBXBuildFile; fileRef = F9DB09AA2BB4682100CE0753 /* Users_4.swift */; };
		F9DB09AD2BB4682600CE0753 /* Reviewers_1.swift in Sources */ = {isa = PBXBuildFile; fileRef = F9DB09AC2BB4682600CE0753 /* Reviewers_1.swift */; };
		F9DB09AF2BB4682900CE0753 /* Reviewers_2.swift in Sources */ = {isa = PBXBuildFile; fileRef = F9DB09AE2BB4682900CE0753 /* Reviewers_2.swift */; };
		F9DB09B12BB4682D00CE0753 /* Reviewers_3.swift in Sources */ = {isa = PBXBuildFile; fileRef = F9DB09B02BB4682D00CE0753 /* Reviewers_3.swift */; };
		F9DB09B82BB46B8700CE0753 /* HomeView.swift in Sources */ = {isa = PBXBuildFile; fileRef = F9DB09B72BB46B8700CE0753 /* HomeView.swift */; };
		F9DB09BA2BB46B8B00CE0753 /* HomeViewModel.swift in Sources */ = {isa = PBXBuildFile; fileRef = F9DB09B92BB46B8B00CE0753 /* HomeViewModel.swift */; };
		F9DB09BD2BB46C0700CE0753 /* HomeGraph.swift in Sources */ = {isa = PBXBuildFile; fileRef = F9DB09BC2BB46C0700CE0753 /* HomeGraph.swift */; };
		F9DB09C02BB4707200CE0753 /* HomeAdd.swift in Sources */ = {isa = PBXBuildFile; fileRef = F9DB09BF2BB4707200CE0753 /* HomeAdd.swift */; };
		F9DB09C22BB4726D00CE0753 /* HistoryView.swift in Sources */ = {isa = PBXBuildFile; fileRef = F9DB09C12BB4726D00CE0753 /* HistoryView.swift */; };
		F9DB09C42BB4733C00CE0753 /* DateConverter.swift in Sources */ = {isa = PBXBuildFile; fileRef = F9DB09C32BB4733C00CE0753 /* DateConverter.swift */; };
		F9DB09C62BB4745800CE0753 /* SettingsView.swift in Sources */ = {isa = PBXBuildFile; fileRef = F9DB09C52BB4745800CE0753 /* SettingsView.swift */; };
/* End PBXBuildFile section */

/* Begin PBXFileReference section */
		F925B6F42BB491400091688F /* d_1.swift */ = {isa = PBXFileReference; lastKnownFileType = sourcecode.swift; path = d_1.swift; sourceTree = "<group>"; };
		F925B6F62BB491440091688F /* s_2.swift */ = {isa = PBXFileReference; lastKnownFileType = sourcecode.swift; path = s_2.swift; sourceTree = "<group>"; };
		F925B6F82BB4914B0091688F /* w_3.swift */ = {isa = PBXFileReference; lastKnownFileType = sourcecode.swift; path = w_3.swift; sourceTree = "<group>"; };
		F925B6FA2BB492B90091688F /* GoogleService-Info.plist */ = {isa = PBXFileReference; fileEncoding = 4; lastKnownFileType = text.plist.xml; path = "GoogleService-Info.plist"; sourceTree = SOURCE_ROOT; };
		F9DB09802BB4672B00CE0753 /* App425.app */ = {isa = PBXFileReference; explicitFileType = wrapper.application; includeInIndex = 0; path = App425.app; sourceTree = BUILT_PRODUCTS_DIR; };
		F9DB09832BB4672B00CE0753 /* App425App.swift */ = {isa = PBXFileReference; lastKnownFileType = sourcecode.swift; path = App425App.swift; sourceTree = "<group>"; };
		F9DB09852BB4672B00CE0753 /* ContentView.swift */ = {isa = PBXFileReference; lastKnownFileType = sourcecode.swift; path = ContentView.swift; sourceTree = "<group>"; };
		F9DB09872BB4672C00CE0753 /* Assets.xcassets */ = {isa = PBXFileReference; lastKnownFileType = folder.assetcatalog; path = Assets.xcassets; sourceTree = "<group>"; };
		F9DB098A2BB4672C00CE0753 /* Preview Assets.xcassets */ = {isa = PBXFileReference; lastKnownFileType = folder.assetcatalog; path = "Preview Assets.xcassets"; sourceTree = "<group>"; };
		F9DB09912BB4678600CE0753 /* Launch Screen.storyboard */ = {isa = PBXFileReference; lastKnownFileType = file.storyboard; path = "Launch Screen.storyboard"; sourceTree = "<group>"; };
		F9DB09942BB467B600CE0753 /* TabBar.swift */ = {isa = PBXFileReference; lastKnownFileType = sourcecode.swift; path = TabBar.swift; sourceTree = "<group>"; };
		F9DB09962BB467BA00CE0753 /* LoadingView.swift */ = {isa = PBXFileReference; lastKnownFileType = sourcecode.swift; path = LoadingView.swift; sourceTree = "<group>"; };
		F9DB099C2BB467CD00CE0753 /* CoreDataStack.swift */ = {isa = PBXFileReference; lastKnownFileType = sourcecode.swift; path = CoreDataStack.swift; sourceTree = "<group>"; };
		F9DB099F2BB467D500CE0753 /* CoreModel.xcdatamodel */ = {isa = PBXFileReference; lastKnownFileType = wrapper.xcdatamodel; path = CoreModel.xcdatamodel; sourceTree = "<group>"; };
		F9DB09A42BB4681800CE0753 /* Users_1.swift */ = {isa = PBXFileReference; lastKnownFileType = sourcecode.swift; path = Users_1.swift; sourceTree = "<group>"; };
		F9DB09A62BB4681B00CE0753 /* Users_2.swift */ = {isa = PBXFileReference; lastKnownFileType = sourcecode.swift; path = Users_2.swift; sourceTree = "<group>"; };
		F9DB09A82BB4681E00CE0753 /* Users_3.swift */ = {isa = PBXFileReference; lastKnownFileType = sourcecode.swift; path = Users_3.swift; sourceTree = "<group>"; };
		F9DB09AA2BB4682100CE0753 /* Users_4.swift */ = {isa = PBXFileReference; lastKnownFileType = sourcecode.swift; path = Users_4.swift; sourceTree = "<group>"; };
		F9DB09AC2BB4682600CE0753 /* Reviewers_1.swift */ = {isa = PBXFileReference; lastKnownFileType = sourcecode.swift; path = Reviewers_1.swift; sourceTree = "<group>"; };
		F9DB09AE2BB4682900CE0753 /* Reviewers_2.swift */ = {isa = PBXFileReference; lastKnownFileType = sourcecode.swift; path = Reviewers_2.swift; sourceTree = "<group>"; };
		F9DB09B02BB4682D00CE0753 /* Reviewers_3.swift */ = {isa = PBXFileReference; lastKnownFileType = sourcecode.swift; path = Reviewers_3.swift; sourceTree = "<group>"; };
		F9DB09B52BB46B7400CE0753 /* Info.plist */ = {isa = PBXFileReference; lastKnownFileType = text.plist; path = Info.plist; sourceTree = "<group>"; };
		F9DB09B62BB46B7500CE0753 /* App425.entitlements */ = {isa = PBXFileReference; lastKnownFileType = text.plist.entitlements; path = App425.entitlements; sourceTree = "<group>"; };
		F9DB09B72BB46B8700CE0753 /* HomeView.swift */ = {isa = PBXFileReference; lastKnownFileType = sourcecode.swift; path = HomeView.swift; sourceTree = "<group>"; };
		F9DB09B92BB46B8B00CE0753 /* HomeViewModel.swift */ = {isa = PBXFileReference; lastKnownFileType = sourcecode.swift; path = HomeViewModel.swift; sourceTree = "<group>"; };
		F9DB09BC2BB46C0700CE0753 /* HomeGraph.swift */ = {isa = PBXFileReference; lastKnownFileType = sourcecode.swift; path = HomeGraph.swift; sourceTree = "<group>"; };
		F9DB09BF2BB4707200CE0753 /* HomeAdd.swift */ = {isa = PBXFileReference; lastKnownFileType = sourcecode.swift; path = HomeAdd.swift; sourceTree = "<group>"; };
		F9DB09C12BB4726D00CE0753 /* HistoryView.swift */ = {isa = PBXFileReference; lastKnownFileType = sourcecode.swift; path = HistoryView.swift; sourceTree = "<group>"; };
		F9DB09C32BB4733C00CE0753 /* DateConverter.swift */ = {isa = PBXFileReference; lastKnownFileType = sourcecode.swift; path = DateConverter.swift; sourceTree = "<group>"; };
		F9DB09C52BB4745800CE0753 /* SettingsView.swift */ = {isa = PBXFileReference; lastKnownFileType = sourcecode.swift; path = SettingsView.swift; sourceTree = "<group>"; };
/* End PBXFileReference section */

/* Begin PBXFrameworksBuildPhase section */
		F9DB097D2BB4672B00CE0753 /* Frameworks */ = {
			isa = PBXFrameworksBuildPhase;
			buildActionMask = 2147483647;
			files = (
				F925B6F02BB491010091688F /* OneSignalFramework in Frameworks */,
				F925B6F32BB491150091688F /* FirebaseRemoteConfigSwift in Frameworks */,
				F925B6E82BB490EF0091688F /* ApphudSDK in Frameworks */,
				F925B6EB2BB490F80091688F /* YandexMobileMetrica in Frameworks */,
			);
			runOnlyForDeploymentPostprocessing = 0;
		};
/* End PBXFrameworksBuildPhase section */

/* Begin PBXGroup section */
		F9DB09772BB4672B00CE0753 = {
			isa = PBXGroup;
			children = (
				F9DB09822BB4672B00CE0753 /* App425 */,
				F9DB09812BB4672B00CE0753 /* Products */,
			);
			sourceTree = "<group>";
		};
		F9DB09812BB4672B00CE0753 /* Products */ = {
			isa = PBXGroup;
			children = (
				F9DB09802BB4672B00CE0753 /* App425.app */,
			);
			name = Products;
			sourceTree = "<group>";
		};
		F9DB09822BB4672B00CE0753 /* App425 */ = {
			isa = PBXGroup;
			children = (
				F9DB09B62BB46B7500CE0753 /* App425.entitlements */,
				F925B6FA2BB492B90091688F /* GoogleService-Info.plist */,
				F9DB09B52BB46B7400CE0753 /* Info.plist */,
				F9DB09832BB4672B00CE0753 /* App425App.swift */,
				F9DB09852BB4672B00CE0753 /* ContentView.swift */,
				F9DB09932BB467B000CE0753 /* Project */,
				F9DB09912BB4678600CE0753 /* Launch Screen.storyboard */,
				F9DB09872BB4672C00CE0753 /* Assets.xcassets */,
				F9DB09892BB4672C00CE0753 /* Preview Content */,
			);
			path = App425;
			sourceTree = "<group>";
		};
		F9DB09892BB4672C00CE0753 /* Preview Content */ = {
			isa = PBXGroup;
			children = (
				F9DB098A2BB4672C00CE0753 /* Preview Assets.xcassets */,
			);
			path = "Preview Content";
			sourceTree = "<group>";
		};
		F9DB09932BB467B000CE0753 /* Project */ = {
			isa = PBXGroup;
			children = (
				F9DB09982BB467BD00CE0753 /* Extensions */,
				F9DB09942BB467B600CE0753 /* TabBar.swift */,
				F9DB09962BB467BA00CE0753 /* LoadingView.swift */,
				F9DB09B42BB46B3F00CE0753 /* Settings */,
				F9DB09B32BB46B3B00CE0753 /* History */,
				F9DB09B22BB46B3800CE0753 /* Home */,
				F9DB09A12BB4680B00CE0753 /* Splash */,
			);
			path = Project;
			sourceTree = "<group>";
		};
		F9DB09982BB467BD00CE0753 /* Extensions */ = {
			isa = PBXGroup;
			children = (
				F9DB09992BB467C400CE0753 /* CoreData */,
				F9DB09C32BB4733C00CE0753 /* DateConverter.swift */,
				F925B6F42BB491400091688F /* d_1.swift */,
				F925B6F62BB491440091688F /* s_2.swift */,
				F925B6F82BB4914B0091688F /* w_3.swift */,
			);
			path = Extensions;
			sourceTree = "<group>";
		};
		F9DB09992BB467C400CE0753 /* CoreData */ = {
			isa = PBXGroup;
			children = (
				F9DB099C2BB467CD00CE0753 /* CoreDataStack.swift */,
				F9DB099E2BB467D500CE0753 /* CoreModel.xcdatamodeld */,
			);
			path = CoreData;
			sourceTree = "<group>";
		};
		F9DB09A12BB4680B00CE0753 /* Splash */ = {
			isa = PBXGroup;
			children = (
				F9DB09A32BB4681200CE0753 /* Users */,
				F9DB09A22BB4680E00CE0753 /* Reviewers */,
			);
			path = Splash;
			sourceTree = "<group>";
		};
		F9DB09A22BB4680E00CE0753 /* Reviewers */ = {
			isa = PBXGroup;
			children = (
				F9DB09AC2BB4682600CE0753 /* Reviewers_1.swift */,
				F9DB09AE2BB4682900CE0753 /* Reviewers_2.swift */,
				F9DB09B02BB4682D00CE0753 /* Reviewers_3.swift */,
			);
			name = Reviewers;
			sourceTree = "<group>";
		};
		F9DB09A32BB4681200CE0753 /* Users */ = {
			isa = PBXGroup;
			children = (
				F9DB09A42BB4681800CE0753 /* Users_1.swift */,
				F9DB09A62BB4681B00CE0753 /* Users_2.swift */,
				F9DB09A82BB4681E00CE0753 /* Users_3.swift */,
				F9DB09AA2BB4682100CE0753 /* Users_4.swift */,
			);
			name = Users;
			sourceTree = "<group>";
		};
		F9DB09B22BB46B3800CE0753 /* Home */ = {
			isa = PBXGroup;
			children = (
				F9DB09BE2BB4706D00CE0753 /* HomeAdd */,
				F9DB09BB2BB46C0100CE0753 /* HomeGraph */,
				F9DB09B72BB46B8700CE0753 /* HomeView.swift */,
				F9DB09B92BB46B8B00CE0753 /* HomeViewModel.swift */,
			);
			path = Home;
			sourceTree = "<group>";
		};
		F9DB09B32BB46B3B00CE0753 /* History */ = {
			isa = PBXGroup;
			children = (
				F9DB09C12BB4726D00CE0753 /* HistoryView.swift */,
			);
			path = History;
			sourceTree = "<group>";
		};
		F9DB09B42BB46B3F00CE0753 /* Settings */ = {
			isa = PBXGroup;
			children = (
				F9DB09C52BB4745800CE0753 /* SettingsView.swift */,
			);
			path = Settings;
			sourceTree = "<group>";
		};
		F9DB09BB2BB46C0100CE0753 /* HomeGraph */ = {
			isa = PBXGroup;
			children = (
				F9DB09BC2BB46C0700CE0753 /* HomeGraph.swift */,
			);
			path = HomeGraph;
			sourceTree = "<group>";
		};
		F9DB09BE2BB4706D00CE0753 /* HomeAdd */ = {
			isa = PBXGroup;
			children = (
				F9DB09BF2BB4707200CE0753 /* HomeAdd.swift */,
			);
			path = HomeAdd;
			sourceTree = "<group>";
		};
/* End PBXGroup section */

/* Begin PBXNativeTarget section */
		F9DB097F2BB4672B00CE0753 /* App425 */ = {
			isa = PBXNativeTarget;
			buildConfigurationList = F9DB098E2BB4672C00CE0753 /* Build configuration list for PBXNativeTarget "App425" */;
			buildPhases = (
				F9DB097C2BB4672B00CE0753 /* Sources */,
				F9DB097D2BB4672B00CE0753 /* Frameworks */,
				F9DB097E2BB4672B00CE0753 /* Resources */,
			);
			buildRules = (
			);
			dependencies = (
			);
			name = App425;
			packageProductDependencies = (
				F925B6E72BB490EF0091688F /* ApphudSDK */,
				F925B6EA2BB490F80091688F /* YandexMobileMetrica */,
				F925B6EF2BB491010091688F /* OneSignalFramework */,
				F925B6F22BB491150091688F /* FirebaseRemoteConfigSwift */,
			);
			productName = App425;
			productReference = F9DB09802BB4672B00CE0753 /* App425.app */;
			productType = "com.apple.product-type.application";
		};
/* End PBXNativeTarget section */

/* Begin PBXProject section */
		F9DB09782BB4672B00CE0753 /* Project object */ = {
			isa = PBXProject;
			attributes = {
				BuildIndependentTargetsInParallel = 1;
				LastSwiftUpdateCheck = 1530;
				LastUpgradeCheck = 1530;
				TargetAttributes = {
					F9DB097F2BB4672B00CE0753 = {
						CreatedOnToolsVersion = 15.3;
					};
				};
			};
			buildConfigurationList = F9DB097B2BB4672B00CE0753 /* Build configuration list for PBXProject "App425" */;
			compatibilityVersion = "Xcode 14.0";
			developmentRegion = en;
			hasScannedForEncodings = 0;
			knownRegions = (
				en,
				Base,
			);
			mainGroup = F9DB09772BB4672B00CE0753;
			packageReferences = (
				F925B6E62BB490EF0091688F /* XCRemoteSwiftPackageReference "ApphudSDK" */,
				F925B6E92BB490F80091688F /* XCRemoteSwiftPackageReference "metrica-sdk-ios" */,
				F925B6EE2BB491010091688F /* XCRemoteSwiftPackageReference "OneSignal-iOS-SDK" */,
				F925B6F12BB491150091688F /* XCRemoteSwiftPackageReference "firebase-ios-sdk" */,
			);
			productRefGroup = F9DB09812BB4672B00CE0753 /* Products */;
			projectDirPath = "";
			projectRoot = "";
			targets = (
				F9DB097F2BB4672B00CE0753 /* App425 */,
			);
		};
/* End PBXProject section */

/* Begin PBXResourcesBuildPhase section */
		F9DB097E2BB4672B00CE0753 /* Resources */ = {
			isa = PBXResourcesBuildPhase;
			buildActionMask = 2147483647;
			files = (
				F9DB09922BB4678600CE0753 /* Launch Screen.storyboard in Resources */,
				F925B6FB2BB492B90091688F /* GoogleService-Info.plist in Resources */,
				F9DB098B2BB4672C00CE0753 /* Preview Assets.xcassets in Resources */,
				F9DB09882BB4672C00CE0753 /* Assets.xcassets in Resources */,
			);
			runOnlyForDeploymentPostprocessing = 0;
		};
/* End PBXResourcesBuildPhase section */

/* Begin PBXSourcesBuildPhase section */
		F9DB097C2BB4672B00CE0753 /* Sources */ = {
			isa = PBXSourcesBuildPhase;
			buildActionMask = 2147483647;
			files = (
				F9DB09A92BB4681E00CE0753 /* Users_3.swift in Sources */,
				F9DB09B82BB46B8700CE0753 /* HomeView.swift in Sources */,
				F9DB09C02BB4707200CE0753 /* HomeAdd.swift in Sources */,
				F9DB09952BB467B600CE0753 /* TabBar.swift in Sources */,
				F9DB09972BB467BA00CE0753 /* LoadingView.swift in Sources */,
				F9DB09C62BB4745800CE0753 /* SettingsView.swift in Sources */,
				F9DB09AD2BB4682600CE0753 /* Reviewers_1.swift in Sources */,
				F925B6F52BB491400091688F /* d_1.swift in Sources */,
				F9DB09BD2BB46C0700CE0753 /* HomeGraph.swift in Sources */,
				F9DB09C22BB4726D00CE0753 /* HistoryView.swift in Sources */,
				F9DB09862BB4672B00CE0753 /* ContentView.swift in Sources */,
				F9DB09C42BB4733C00CE0753 /* DateConverter.swift in Sources */,
				F9DB09AF2BB4682900CE0753 /* Reviewers_2.swift in Sources */,
				F9DB09A72BB4681B00CE0753 /* Users_2.swift in Sources */,
				F9DB09AB2BB4682100CE0753 /* Users_4.swift in Sources */,
				F9DB09B12BB4682D00CE0753 /* Reviewers_3.swift in Sources */,
				F925B6F72BB491440091688F /* s_2.swift in Sources */,
				F9DB09A52BB4681800CE0753 /* Users_1.swift in Sources */,
				F9DB099D2BB467CD00CE0753 /* CoreDataStack.swift in Sources */,
				F9DB09A02BB467D500CE0753 /* CoreModel.xcdatamodeld in Sources */,
				F9DB09BA2BB46B8B00CE0753 /* HomeViewModel.swift in Sources */,
				F9DB09842BB4672B00CE0753 /* App425App.swift in Sources */,
				F925B6F92BB4914B0091688F /* w_3.swift in Sources */,
			);
			runOnlyForDeploymentPostprocessing = 0;
		};
/* End PBXSourcesBuildPhase section */

/* Begin XCBuildConfiguration section */
		F9DB098C2BB4672C00CE0753 /* Debug */ = {
			isa = XCBuildConfiguration;
			buildSettings = {
				ALWAYS_SEARCH_USER_PATHS = NO;
				ASSETCATALOG_COMPILER_GENERATE_SWIFT_ASSET_SYMBOL_EXTENSIONS = YES;
				CLANG_ANALYZER_NONNULL = YES;
				CLANG_ANALYZER_NUMBER_OBJECT_CONVERSION = YES_AGGRESSIVE;
				CLANG_CXX_LANGUAGE_STANDARD = "gnu++20";
				CLANG_ENABLE_MODULES = YES;
				CLANG_ENABLE_OBJC_ARC = YES;
				CLANG_ENABLE_OBJC_WEAK = YES;
				CLANG_WARN_BLOCK_CAPTURE_AUTORELEASING = YES;
				CLANG_WARN_BOOL_CONVERSION = YES;
				CLANG_WARN_COMMA = YES;
				CLANG_WARN_CONSTANT_CONVERSION = YES;
				CLANG_WARN_DEPRECATED_OBJC_IMPLEMENTATIONS = YES;
				CLANG_WARN_DIRECT_OBJC_ISA_USAGE = YES_ERROR;
				CLANG_WARN_DOCUMENTATION_COMMENTS = YES;
				CLANG_WARN_EMPTY_BODY = YES;
				CLANG_WARN_ENUM_CONVERSION = YES;
				CLANG_WARN_INFINITE_RECURSION = YES;
				CLANG_WARN_INT_CONVERSION = YES;
				CLANG_WARN_NON_LITERAL_NULL_CONVERSION = YES;
				CLANG_WARN_OBJC_IMPLICIT_RETAIN_SELF = YES;
				CLANG_WARN_OBJC_LITERAL_CONVERSION = YES;
				CLANG_WARN_OBJC_ROOT_CLASS = YES_ERROR;
				CLANG_WARN_QUOTED_INCLUDE_IN_FRAMEWORK_HEADER = YES;
				CLANG_WARN_RANGE_LOOP_ANALYSIS = YES;
				CLANG_WARN_STRICT_PROTOTYPES = YES;
				CLANG_WARN_SUSPICIOUS_MOVE = YES;
				CLANG_WARN_UNGUARDED_AVAILABILITY = YES_AGGRESSIVE;
				CLANG_WARN_UNREACHABLE_CODE = YES;
				CLANG_WARN__DUPLICATE_METHOD_MATCH = YES;
				COPY_PHASE_STRIP = NO;
				DEBUG_INFORMATION_FORMAT = dwarf;
				ENABLE_STRICT_OBJC_MSGSEND = YES;
				ENABLE_TESTABILITY = YES;
				ENABLE_USER_SCRIPT_SANDBOXING = YES;
				GCC_C_LANGUAGE_STANDARD = gnu17;
				GCC_DYNAMIC_NO_PIC = NO;
				GCC_NO_COMMON_BLOCKS = YES;
				GCC_OPTIMIZATION_LEVEL = 0;
				GCC_PREPROCESSOR_DEFINITIONS = (
					"DEBUG=1",
					"$(inherited)",
				);
				GCC_WARN_64_TO_32_BIT_CONVERSION = YES;
				GCC_WARN_ABOUT_RETURN_TYPE = YES_ERROR;
				GCC_WARN_UNDECLARED_SELECTOR = YES;
				GCC_WARN_UNINITIALIZED_AUTOS = YES_AGGRESSIVE;
				GCC_WARN_UNUSED_FUNCTION = YES;
				GCC_WARN_UNUSED_VARIABLE = YES;
				IPHONEOS_DEPLOYMENT_TARGET = 14.0;
				LOCALIZATION_PREFERS_STRING_CATALOGS = YES;
				MTL_ENABLE_DEBUG_INFO = INCLUDE_SOURCE;
				MTL_FAST_MATH = YES;
				ONLY_ACTIVE_ARCH = YES;
				SDKROOT = iphoneos;
				SWIFT_ACTIVE_COMPILATION_CONDITIONS = "DEBUG $(inherited)";
				SWIFT_OPTIMIZATION_LEVEL = "-Onone";
			};
			name = Debug;
		};
		F9DB098D2BB4672C00CE0753 /* Release */ = {
			isa = XCBuildConfiguration;
			buildSettings = {
				ALWAYS_SEARCH_USER_PATHS = NO;
				ASSETCATALOG_COMPILER_GENERATE_SWIFT_ASSET_SYMBOL_EXTENSIONS = YES;
				CLANG_ANALYZER_NONNULL = YES;
				CLANG_ANALYZER_NUMBER_OBJECT_CONVERSION = YES_AGGRESSIVE;
				CLANG_CXX_LANGUAGE_STANDARD = "gnu++20";
				CLANG_ENABLE_MODULES = YES;
				CLANG_ENABLE_OBJC_ARC = YES;
				CLANG_ENABLE_OBJC_WEAK = YES;
				CLANG_WARN_BLOCK_CAPTURE_AUTORELEASING = YES;
				CLANG_WARN_BOOL_CONVERSION = YES;
				CLANG_WARN_COMMA = YES;
				CLANG_WARN_CONSTANT_CONVERSION = YES;
				CLANG_WARN_DEPRECATED_OBJC_IMPLEMENTATIONS = YES;
				CLANG_WARN_DIRECT_OBJC_ISA_USAGE = YES_ERROR;
				CLANG_WARN_DOCUMENTATION_COMMENTS = YES;
				CLANG_WARN_EMPTY_BODY = YES;
				CLANG_WARN_ENUM_CONVERSION = YES;
				CLANG_WARN_INFINITE_RECURSION = YES;
				CLANG_WARN_INT_CONVERSION = YES;
				CLANG_WARN_NON_LITERAL_NULL_CONVERSION = YES;
				CLANG_WARN_OBJC_IMPLICIT_RETAIN_SELF = YES;
				CLANG_WARN_OBJC_LITERAL_CONVERSION = YES;
				CLANG_WARN_OBJC_ROOT_CLASS = YES_ERROR;
				CLANG_WARN_QUOTED_INCLUDE_IN_FRAMEWORK_HEADER = YES;
				CLANG_WARN_RANGE_LOOP_ANALYSIS = YES;
				CLANG_WARN_STRICT_PROTOTYPES = YES;
				CLANG_WARN_SUSPICIOUS_MOVE = YES;
				CLANG_WARN_UNGUARDED_AVAILABILITY = YES_AGGRESSIVE;
				CLANG_WARN_UNREACHABLE_CODE = YES;
				CLANG_WARN__DUPLICATE_METHOD_MATCH = YES;
				COPY_PHASE_STRIP = NO;
				DEBUG_INFORMATION_FORMAT = "dwarf-with-dsym";
				ENABLE_NS_ASSERTIONS = NO;
				ENABLE_STRICT_OBJC_MSGSEND = YES;
				ENABLE_USER_SCRIPT_SANDBOXING = YES;
				GCC_C_LANGUAGE_STANDARD = gnu17;
				GCC_NO_COMMON_BLOCKS = YES;
				GCC_WARN_64_TO_32_BIT_CONVERSION = YES;
				GCC_WARN_ABOUT_RETURN_TYPE = YES_ERROR;
				GCC_WARN_UNDECLARED_SELECTOR = YES;
				GCC_WARN_UNINITIALIZED_AUTOS = YES_AGGRESSIVE;
				GCC_WARN_UNUSED_FUNCTION = YES;
				GCC_WARN_UNUSED_VARIABLE = YES;
				IPHONEOS_DEPLOYMENT_TARGET = 14.0;
				LOCALIZATION_PREFERS_STRING_CATALOGS = YES;
				MTL_ENABLE_DEBUG_INFO = NO;
				MTL_FAST_MATH = YES;
				SDKROOT = iphoneos;
				SWIFT_COMPILATION_MODE = wholemodule;
				VALIDATE_PRODUCT = YES;
			};
			name = Release;
		};
		F9DB098F2BB4672C00CE0753 /* Debug */ = {
			isa = XCBuildConfiguration;
			buildSettings = {
				ASSETCATALOG_COMPILER_APPICON_NAME = AppIcon;
				ASSETCATALOG_COMPILER_GLOBAL_ACCENT_COLOR_NAME = AccentColor;
				CODE_SIGN_ENTITLEMENTS = App425/App425.entitlements;
				CODE_SIGN_STYLE = Automatic;
				CURRENT_PROJECT_VERSION = 3;
				DEVELOPMENT_ASSET_PATHS = "\"App425/Preview Content\"";
				ENABLE_PREVIEWS = YES;
				GCC_OPTIMIZATION_LEVEL = fast;
				GENERATE_INFOPLIST_FILE = YES;
				INFOPLIST_FILE = App425/Info.plist;
				INFOPLIST_KEY_CFBundleDisplayName = "Forex Invest Portal";
				INFOPLIST_KEY_UIApplicationSceneManifest_Generation = YES;
				INFOPLIST_KEY_UIApplicationSupportsIndirectInputEvents = YES;
				INFOPLIST_KEY_UILaunchScreen_Generation = YES;
				INFOPLIST_KEY_UILaunchStoryboardName = "Launch Screen.storyboard";
				INFOPLIST_KEY_UISupportedInterfaceOrientations = UIInterfaceOrientationPortrait;
				INFOPLIST_KEY_UISupportedInterfaceOrientations_iPad = "UIInterfaceOrientationLandscapeLeft UIInterfaceOrientationLandscapeRight UIInterfaceOrientationPortrait UIInterfaceOrientationPortraitUpsideDown";
				LD_RUNPATH_SEARCH_PATHS = (
					"$(inherited)",
					"@executable_path/Frameworks",
				);
				MARKETING_VERSION = 1.2;
				PRODUCT_BUNDLE_IDENTIFIER = main.App425;
				PRODUCT_NAME = "$(TARGET_NAME)";
				SUPPORTED_PLATFORMS = "iphoneos iphonesimulator";
				SUPPORTS_MACCATALYST = NO;
				SUPPORTS_MAC_DESIGNED_FOR_IPHONE_IPAD = NO;
				SUPPORTS_XR_DESIGNED_FOR_IPHONE_IPAD = NO;
				SWIFT_EMIT_LOC_STRINGS = YES;
				SWIFT_VERSION = 5.0;
				TARGETED_DEVICE_FAMILY = 1;
			};
			name = Debug;
		};
		F9DB09902BB4672C00CE0753 /* Release */ = {
			isa = XCBuildConfiguration;
			buildSettings = {
				ASSETCATALOG_COMPILER_APPICON_NAME = AppIcon;
				ASSETCATALOG_COMPILER_GLOBAL_ACCENT_COLOR_NAME = AccentColor;
				CODE_SIGN_ENTITLEMENTS = App425/App425.entitlements;
				CODE_SIGN_STYLE = Automatic;
				CURRENT_PROJECT_VERSION = 3;
				DEVELOPMENT_ASSET_PATHS = "\"App425/Preview Content\"";
				ENABLE_PREVIEWS = YES;
				GCC_OPTIMIZATION_LEVEL = fast;
				GENERATE_INFOPLIST_FILE = YES;
				INFOPLIST_FILE = App425/Info.plist;
				INFOPLIST_KEY_CFBundleDisplayName = "Forex Invest Portal";
				INFOPLIST_KEY_UIApplicationSceneManifest_Generation = YES;
				INFOPLIST_KEY_UIApplicationSupportsIndirectInputEvents = YES;
				INFOPLIST_KEY_UILaunchScreen_Generation = YES;
				INFOPLIST_KEY_UILaunchStoryboardName = "Launch Screen.storyboard";
				INFOPLIST_KEY_UISupportedInterfaceOrientations = UIInterfaceOrientationPortrait;
				INFOPLIST_KEY_UISupportedInterfaceOrientations_iPad = "UIInterfaceOrientationLandscapeLeft UIInterfaceOrientationLandscapeRight UIInterfaceOrientationPortrait UIInterfaceOrientationPortraitUpsideDown";
				LD_RUNPATH_SEARCH_PATHS = (
					"$(inherited)",
					"@executable_path/Frameworks",
				);
				MARKETING_VERSION = 1.2;
				PRODUCT_BUNDLE_IDENTIFIER = main.App425;
				PRODUCT_NAME = "$(TARGET_NAME)";
				SUPPORTED_PLATFORMS = "iphoneos iphonesimulator";
				SUPPORTS_MACCATALYST = NO;
				SUPPORTS_MAC_DESIGNED_FOR_IPHONE_IPAD = NO;
				SUPPORTS_XR_DESIGNED_FOR_IPHONE_IPAD = NO;
				SWIFT_EMIT_LOC_STRINGS = YES;
				SWIFT_VERSION = 5.0;
				TARGETED_DEVICE_FAMILY = 1;
			};
			name = Release;
		};
/* End XCBuildConfiguration section */

/* Begin XCConfigurationList section */
		F9DB097B2BB4672B00CE0753 /* Build configuration list for PBXProject "App425" */ = {
			isa = XCConfigurationList;
			buildConfigurations = (
				F9DB098C2BB4672C00CE0753 /* Debug */,
				F9DB098D2BB4672C00CE0753 /* Release */,
			);
			defaultConfigurationIsVisible = 0;
			defaultConfigurationName = Release;
		};
		F9DB098E2BB4672C00CE0753 /* Build configuration list for PBXNativeTarget "App425" */ = {
			isa = XCConfigurationList;
			buildConfigurations = (
				F9DB098F2BB4672C00CE0753 /* Debug */,
				F9DB09902BB4672C00CE0753 /* Release */,
			);
			defaultConfigurationIsVisible = 0;
			defaultConfigurationName = Release;
		};
/* End XCConfigurationList section */

/* Begin XCRemoteSwiftPackageReference section */
		F925B6E62BB490EF0091688F /* XCRemoteSwiftPackageReference "ApphudSDK" */ = {
			isa = XCRemoteSwiftPackageReference;
			repositoryURL = "https://github.com/apphud/ApphudSDK";
			requirement = {
				kind = upToNextMajorVersion;
				minimumVersion = 3.2.8;
			};
		};
		F925B6E92BB490F80091688F /* XCRemoteSwiftPackageReference "metrica-sdk-ios" */ = {
			isa = XCRemoteSwiftPackageReference;
			repositoryURL = "https://github.com/yandexmobile/metrica-sdk-ios";
			requirement = {
				kind = upToNextMajorVersion;
				minimumVersion = 4.5.2;
			};
		};
		F925B6EE2BB491010091688F /* XCRemoteSwiftPackageReference "OneSignal-iOS-SDK" */ = {
			isa = XCRemoteSwiftPackageReference;
			repositoryURL = "https://github.com/OneSignal/OneSignal-iOS-SDK.git";
			requirement = {
				kind = upToNextMajorVersion;
				minimumVersion = 5.1.3;
			};
		};
		F925B6F12BB491150091688F /* XCRemoteSwiftPackageReference "firebase-ios-sdk" */ = {
			isa = XCRemoteSwiftPackageReference;
			repositoryURL = "https://github.com/firebase/firebase-ios-sdk.git";
			requirement = {
				kind = upToNextMajorVersion;
				minimumVersion = 10.23.0;
			};
		};
/* End XCRemoteSwiftPackageReference section */

/* Begin XCSwiftPackageProductDependency section */
		F925B6E72BB490EF0091688F /* ApphudSDK */ = {
			isa = XCSwiftPackageProductDependency;
			package = F925B6E62BB490EF0091688F /* XCRemoteSwiftPackageReference "ApphudSDK" */;
			productName = ApphudSDK;
		};
		F925B6EA2BB490F80091688F /* YandexMobileMetrica */ = {
			isa = XCSwiftPackageProductDependency;
			package = F925B6E92BB490F80091688F /* XCRemoteSwiftPackageReference "metrica-sdk-ios" */;
			productName = YandexMobileMetrica;
		};
		F925B6EF2BB491010091688F /* OneSignalFramework */ = {
			isa = XCSwiftPackageProductDependency;
			package = F925B6EE2BB491010091688F /* XCRemoteSwiftPackageReference "OneSignal-iOS-SDK" */;
			productName = OneSignalFramework;
		};
		F925B6F22BB491150091688F /* FirebaseRemoteConfigSwift */ = {
			isa = XCSwiftPackageProductDependency;
			package = F925B6F12BB491150091688F /* XCRemoteSwiftPackageReference "firebase-ios-sdk" */;
			productName = FirebaseRemoteConfigSwift;
		};
/* End XCSwiftPackageProductDependency section */

/* Begin XCVersionGroup section */
		F9DB099E2BB467D500CE0753 /* CoreModel.xcdatamodeld */ = {
			isa = XCVersionGroup;
			children = (
				F9DB099F2BB467D500CE0753 /* CoreModel.xcdatamodel */,
			);
			currentVersion = F9DB099F2BB467D500CE0753 /* CoreModel.xcdatamodel */;
			name = CoreModel.xcdatamodeld;
			path = /Users/slava/Desktop/App425/App425/Project/Extensions/CoreData/CoreModel.xcdatamodeld;
			sourceTree = "<group>";
			versionGroupType = wrapper.xcdatamodel;
		};
/* End XCVersionGroup section */
	};
	rootObject = F9DB09782BB4672B00CE0753 /* Project object */;
}
